
Microsoft Visual Studio Solution File, Format Version 12.00
# Visual Studio Version 17
VisualStudioVersion = 17.3.32825.248
MinimumVisualStudioVersion = 10.0.40219.1
Project("{FAE04EC0-301F-11D3-BF4B-00C04F79EFBC}") = "Operations", "Operations\Operations.csproj", "{DB3A5CF7-1455-4AE7-84DE-8D0856019284}"
EndProject
Project("{FAE04EC0-301F-11D3-BF4B-00C04F79EFBC}") = "Animals", "Animals\Animals.csproj", "{49968BE3-0D7F-4350-85ED-E96765078821}"
EndProject
Project("{FAE04EC0-301F-11D3-BF4B-00C04F79EFBC}") = "Shapes", "Shapes\Shapes.csproj", "{031F0BAD-5D8D-44DD-A6A1-2E1028B4094B}"
EndProject
Global
	GlobalSection(SolutionConfigurationPlatforms) = preSolution
		Debug|Any CPU = Debug|Any CPU
		Release|Any CPU = Release|Any CPU
	EndGlobalSection
	GlobalSection(ProjectConfigurationPlatforms) = postSolution
		{DB3A5CF7-1455-4AE7-84DE-8D0856019284}.Debug|Any CPU.ActiveCfg = Debug|Any CPU
		{DB3A5CF7-1455-4AE7-84DE-8D0856019284}.Debug|Any CPU.Build.0 = Debug|Any CPU
		{DB3A5CF7-1455-4AE7-84DE-8D0856019284}.Release|Any CPU.ActiveCfg = Release|Any CPU
		{DB3A5CF7-1455-4AE7-84DE-8D0856019284}.Release|Any CPU.Build.0 = Release|Any CPU
		{49968BE3-0D7F-4350-85ED-E96765078821}.Debug|Any CPU.ActiveCfg = Debug|Any CPU
		{49968BE3-0D7F-4350-85ED-E96765078821}.Debug|Any CPU.Build.0 = Debug|Any CPU
		{49968BE3-0D7F-4350-85ED-E96765078821}.Release|Any CPU.ActiveCfg = Release|Any CPU
		{49968BE3-0D7F-4350-85ED-E96765078821}.Release|Any CPU.Build.0 = Release|Any CPU
		{031F0BAD-5D8D-44DD-A6A1-2E1028B4094B}.Debug|Any CPU.ActiveCfg = Debug|Any CPU
		{031F0BAD-5D8D-44DD-A6A1-2E1028B4094B}.Debug|Any CPU.Build.0 = Debug|Any CPU
		{031F0BAD-5D8D-44DD-A6A1-2E1028B4094B}.Release|Any CPU.ActiveCfg = Release|Any CPU
		{031F0BAD-5D8D-44DD-A6A1-2E1028B4094B}.Release|Any CPU.Build.0 = Release|Any CPU
	EndGlobalSection
	GlobalSection(SolutionProperties) = preSolution
		HideSolutionNode = FALSE
	EndGlobalSection
	GlobalSection(ExtensibilityGlobals) = postSolution
		SolutionGuid = {CC54C2C2-6626-4235-BDF7-05ED764A6E09}
	EndGlobalSection
EndGlobal
