
Microsoft Visual Studio Solution File, Format Version 12.00
# Visual Studio Version 16
VisualStudioVersion = 16.0.32510.428
MinimumVisualStudioVersion = 10.0.40219.1
Project("{FAE04EC0-301F-11D3-BF4B-00C04F79EFBC}") = "EncryptSortAndPrintArray", "EncryptSortAndPrintArray\EncryptSortAndPrintArray.csproj", "{D3A9843E-15D2-4E17-A239-2F2933AF85A5}"
EndProject
Project("{FAE04EC0-301F-11D3-BF4B-00C04F79EFBC}") = "PascalTriangle", "PascalTriangle\PascalTriangle.csproj", "{05C8EDEA-4825-43E3-A48C-695DC2E4804A}"
EndProject
Project("{FAE04EC0-301F-11D3-BF4B-00C04F79EFBC}") = "RecursiveFibonacci", "RecursiveFibonacci\RecursiveFibonacci.csproj", "{11E3A2EF-BC65-4906-996D-8F1AC8D1D11A}"
EndProject
Project("{FAE04EC0-301F-11D3-BF4B-00C04F79EFBC}") = "FoldAndSum", "FoldAndSum\FoldAndSum.csproj", "{4EF1C201-989E-4C13-A62E-257A9DAFA0EE}"
EndProject
Global
	GlobalSection(SolutionConfigurationPlatforms) = preSolution
		Debug|Any CPU = Debug|Any CPU
		Release|Any CPU = Release|Any CPU
	EndGlobalSection
	GlobalSection(ProjectConfigurationPlatforms) = postSolution
		{D3A9843E-15D2-4E17-A239-2F2933AF85A5}.Debug|Any CPU.ActiveCfg = Debug|Any CPU
		{D3A9843E-15D2-4E17-A239-2F2933AF85A5}.Debug|Any CPU.Build.0 = Debug|Any CPU
		{D3A9843E-15D2-4E17-A239-2F2933AF85A5}.Release|Any CPU.ActiveCfg = Release|Any CPU
		{D3A9843E-15D2-4E17-A239-2F2933AF85A5}.Release|Any CPU.Build.0 = Release|Any CPU
		{05C8EDEA-4825-43E3-A48C-695DC2E4804A}.Debug|Any CPU.ActiveCfg = Debug|Any CPU
		{05C8EDEA-4825-43E3-A48C-695DC2E4804A}.Debug|Any CPU.Build.0 = Debug|Any CPU
		{05C8EDEA-4825-43E3-A48C-695DC2E4804A}.Release|Any CPU.ActiveCfg = Release|Any CPU
		{05C8EDEA-4825-43E3-A48C-695DC2E4804A}.Release|Any CPU.Build.0 = Release|Any CPU
		{11E3A2EF-BC65-4906-996D-8F1AC8D1D11A}.Debug|Any CPU.ActiveCfg = Debug|Any CPU
		{11E3A2EF-BC65-4906-996D-8F1AC8D1D11A}.Debug|Any CPU.Build.0 = Debug|Any CPU
		{11E3A2EF-BC65-4906-996D-8F1AC8D1D11A}.Release|Any CPU.ActiveCfg = Release|Any CPU
		{11E3A2EF-BC65-4906-996D-8F1AC8D1D11A}.Release|Any CPU.Build.0 = Release|Any CPU
		{4EF1C201-989E-4C13-A62E-257A9DAFA0EE}.Debug|Any CPU.ActiveCfg = Debug|Any CPU
		{4EF1C201-989E-4C13-A62E-257A9DAFA0EE}.Debug|Any CPU.Build.0 = Debug|Any CPU
		{4EF1C201-989E-4C13-A62E-257A9DAFA0EE}.Release|Any CPU.ActiveCfg = Release|Any CPU
		{4EF1C201-989E-4C13-A62E-257A9DAFA0EE}.Release|Any CPU.Build.0 = Release|Any CPU
	EndGlobalSection
	GlobalSection(SolutionProperties) = preSolution
		HideSolutionNode = FALSE
	EndGlobalSection
	GlobalSection(ExtensibilityGlobals) = postSolution
		SolutionGuid = {7DFBE326-419F-48BC-BBAD-0777040EE263}
	EndGlobalSection
EndGlobal
