
Microsoft Visual Studio Solution File, Format Version 12.00
# Visual Studio Version 16
VisualStudioVersion = 16.0.32510.428
MinimumVisualStudioVersion = 10.0.40219.1
Project("{FAE04EC0-301F-11D3-BF4B-00C04F79EFBC}") = "CookingMasterclass", "CookingMasterclass\CookingMasterclass.csproj", "{7D8BBFAB-7215-4D9F-86B9-455762AC564F}"
EndProject
Project("{FAE04EC0-301F-11D3-BF4B-00C04F79EFBC}") = "Numbers", "Numbers\Numbers.csproj", "{E513108A-254C-4F71-90C9-A4C23165E105}"
EndProject
Project("{FAE04EC0-301F-11D3-BF4B-00C04F79EFBC}") = "SchoolLibrary", "SchoolLibrary\SchoolLibrary.csproj", "{C3D5B42A-A07F-4701-9AEC-B53C36388674}"
EndProject
Global
	GlobalSection(SolutionConfigurationPlatforms) = preSolution
		Debug|Any CPU = Debug|Any CPU
		Release|Any CPU = Release|Any CPU
	EndGlobalSection
	GlobalSection(ProjectConfigurationPlatforms) = postSolution
		{7D8BBFAB-7215-4D9F-86B9-455762AC564F}.Debug|Any CPU.ActiveCfg = Debug|Any CPU
		{7D8BBFAB-7215-4D9F-86B9-455762AC564F}.Debug|Any CPU.Build.0 = Debug|Any CPU
		{7D8BBFAB-7215-4D9F-86B9-455762AC564F}.Release|Any CPU.ActiveCfg = Release|Any CPU
		{7D8BBFAB-7215-4D9F-86B9-455762AC564F}.Release|Any CPU.Build.0 = Release|Any CPU
		{E513108A-254C-4F71-90C9-A4C23165E105}.Debug|Any CPU.ActiveCfg = Debug|Any CPU
		{E513108A-254C-4F71-90C9-A4C23165E105}.Debug|Any CPU.Build.0 = Debug|Any CPU
		{E513108A-254C-4F71-90C9-A4C23165E105}.Release|Any CPU.ActiveCfg = Release|Any CPU
		{E513108A-254C-4F71-90C9-A4C23165E105}.Release|Any CPU.Build.0 = Release|Any CPU
		{C3D5B42A-A07F-4701-9AEC-B53C36388674}.Debug|Any CPU.ActiveCfg = Debug|Any CPU
		{C3D5B42A-A07F-4701-9AEC-B53C36388674}.Debug|Any CPU.Build.0 = Debug|Any CPU
		{C3D5B42A-A07F-4701-9AEC-B53C36388674}.Release|Any CPU.ActiveCfg = Release|Any CPU
		{C3D5B42A-A07F-4701-9AEC-B53C36388674}.Release|Any CPU.Build.0 = Release|Any CPU
	EndGlobalSection
	GlobalSection(SolutionProperties) = preSolution
		HideSolutionNode = FALSE
	EndGlobalSection
	GlobalSection(ExtensibilityGlobals) = postSolution
		SolutionGuid = {D94C0957-BC0C-4F93-82B9-BCDDA33DF9D4}
	EndGlobalSection
EndGlobal
