
Microsoft Visual Studio Solution File, Format Version 12.00
# Visual Studio Version 16
VisualStudioVersion = 16.0.32510.428
MinimumVisualStudioVersion = 10.0.40219.1
Project("{FAE04EC0-301F-11D3-BF4B-00C04F79EFBC}") = "SortNumbers", "SortNumbers\SortNumbers.csproj", "{D3377ED0-1162-4FD4-A96B-6F6087A18928}"
EndProject
Project("{FAE04EC0-301F-11D3-BF4B-00C04F79EFBC}") = "EnglishNameOfTheLastDigit", "EnglishNameOfTheLastDigit\EnglishNameOfTheLastDigit.csproj", "{B7A1467C-9A6C-47DD-954C-61916AF8ECD5}"
EndProject
Project("{FAE04EC0-301F-11D3-BF4B-00C04F79EFBC}") = "GamingStore", "GamingStore\GamingStore.csproj", "{32FE23C0-E626-4397-82C6-52B6EF1A620D}"
EndProject
Project("{FAE04EC0-301F-11D3-BF4B-00C04F79EFBC}") = "ReverseString", "ReverseString\ReverseString.csproj", "{E7549E0B-6AF0-494D-BCE1-5C5028CC4827}"
EndProject
Project("{FAE04EC0-301F-11D3-BF4B-00C04F79EFBC}") = "Messages", "Messages\Messages.csproj", "{AD14086E-CF2D-4E03-8A0E-A93DB73527B6}"
EndProject
Global
	GlobalSection(SolutionConfigurationPlatforms) = preSolution
		Debug|Any CPU = Debug|Any CPU
		Release|Any CPU = Release|Any CPU
	EndGlobalSection
	GlobalSection(ProjectConfigurationPlatforms) = postSolution
		{D3377ED0-1162-4FD4-A96B-6F6087A18928}.Debug|Any CPU.ActiveCfg = Debug|Any CPU
		{D3377ED0-1162-4FD4-A96B-6F6087A18928}.Debug|Any CPU.Build.0 = Debug|Any CPU
		{D3377ED0-1162-4FD4-A96B-6F6087A18928}.Release|Any CPU.ActiveCfg = Release|Any CPU
		{D3377ED0-1162-4FD4-A96B-6F6087A18928}.Release|Any CPU.Build.0 = Release|Any CPU
		{B7A1467C-9A6C-47DD-954C-61916AF8ECD5}.Debug|Any CPU.ActiveCfg = Debug|Any CPU
		{B7A1467C-9A6C-47DD-954C-61916AF8ECD5}.Debug|Any CPU.Build.0 = Debug|Any CPU
		{B7A1467C-9A6C-47DD-954C-61916AF8ECD5}.Release|Any CPU.ActiveCfg = Release|Any CPU
		{B7A1467C-9A6C-47DD-954C-61916AF8ECD5}.Release|Any CPU.Build.0 = Release|Any CPU
		{32FE23C0-E626-4397-82C6-52B6EF1A620D}.Debug|Any CPU.ActiveCfg = Debug|Any CPU
		{32FE23C0-E626-4397-82C6-52B6EF1A620D}.Debug|Any CPU.Build.0 = Debug|Any CPU
		{32FE23C0-E626-4397-82C6-52B6EF1A620D}.Release|Any CPU.ActiveCfg = Release|Any CPU
		{32FE23C0-E626-4397-82C6-52B6EF1A620D}.Release|Any CPU.Build.0 = Release|Any CPU
		{E7549E0B-6AF0-494D-BCE1-5C5028CC4827}.Debug|Any CPU.ActiveCfg = Debug|Any CPU
		{E7549E0B-6AF0-494D-BCE1-5C5028CC4827}.Debug|Any CPU.Build.0 = Debug|Any CPU
		{E7549E0B-6AF0-494D-BCE1-5C5028CC4827}.Release|Any CPU.ActiveCfg = Release|Any CPU
		{E7549E0B-6AF0-494D-BCE1-5C5028CC4827}.Release|Any CPU.Build.0 = Release|Any CPU
		{AD14086E-CF2D-4E03-8A0E-A93DB73527B6}.Debug|Any CPU.ActiveCfg = Debug|Any CPU
		{AD14086E-CF2D-4E03-8A0E-A93DB73527B6}.Debug|Any CPU.Build.0 = Debug|Any CPU
		{AD14086E-CF2D-4E03-8A0E-A93DB73527B6}.Release|Any CPU.ActiveCfg = Release|Any CPU
		{AD14086E-CF2D-4E03-8A0E-A93DB73527B6}.Release|Any CPU.Build.0 = Release|Any CPU
	EndGlobalSection
	GlobalSection(SolutionProperties) = preSolution
		HideSolutionNode = FALSE
	EndGlobalSection
	GlobalSection(ExtensibilityGlobals) = postSolution
		SolutionGuid = {AD80FF55-CA2E-46EB-82FF-CB76A647E251}
	EndGlobalSection
EndGlobal
