
Microsoft Visual Studio Solution File, Format Version 12.00
# Visual Studio Version 17
VisualStudioVersion = 17.3.32825.248
MinimumVisualStudioVersion = 10.0.40219.1
Project("{FAE04EC0-301F-11D3-BF4B-00C04F79EFBC}") = "Shapes", "Shapes\Shapes.csproj", "{A0EDCEED-C338-48E8-89C4-854756472597}"
EndProject
Project("{FAE04EC0-301F-11D3-BF4B-00C04F79EFBC}") = "Cars", "Cars\Cars.csproj", "{BB933202-6AFC-46AE-B7BD-0E2035E3DD8E}"
EndProject
Global
	GlobalSection(SolutionConfigurationPlatforms) = preSolution
		Debug|Any CPU = Debug|Any CPU
		Release|Any CPU = Release|Any CPU
	EndGlobalSection
	GlobalSection(ProjectConfigurationPlatforms) = postSolution
		{A0EDCEED-C338-48E8-89C4-854756472597}.Debug|Any CPU.ActiveCfg = Debug|Any CPU
		{A0EDCEED-C338-48E8-89C4-854756472597}.Debug|Any CPU.Build.0 = Debug|Any CPU
		{A0EDCEED-C338-48E8-89C4-854756472597}.Release|Any CPU.ActiveCfg = Release|Any CPU
		{A0EDCEED-C338-48E8-89C4-854756472597}.Release|Any CPU.Build.0 = Release|Any CPU
		{BB933202-6AFC-46AE-B7BD-0E2035E3DD8E}.Debug|Any CPU.ActiveCfg = Debug|Any CPU
		{BB933202-6AFC-46AE-B7BD-0E2035E3DD8E}.Debug|Any CPU.Build.0 = Debug|Any CPU
		{BB933202-6AFC-46AE-B7BD-0E2035E3DD8E}.Release|Any CPU.ActiveCfg = Release|Any CPU
		{BB933202-6AFC-46AE-B7BD-0E2035E3DD8E}.Release|Any CPU.Build.0 = Release|Any CPU
	EndGlobalSection
	GlobalSection(SolutionProperties) = preSolution
		HideSolutionNode = FALSE
	EndGlobalSection
	GlobalSection(ExtensibilityGlobals) = postSolution
		SolutionGuid = {CA1213F0-4B32-42CD-B603-2AFECBA9ECFE}
	EndGlobalSection
EndGlobal
