
Microsoft Visual Studio Solution File, Format Version 12.00
# Visual Studio Version 16
VisualStudioVersion = 16.0.32106.194
MinimumVisualStudioVersion = 10.0.40219.1
Project("{FAE04EC0-301F-11D3-BF4B-00C04F79EFBC}") = "MatchTickets", "MatchTickets\MatchTickets.csproj", "{CC110E25-2574-423A-96E8-CA74A67ADD48}"
EndProject
Project("{FAE04EC0-301F-11D3-BF4B-00C04F79EFBC}") = "BikeRace", "BikeRace\BikeRace.csproj", "{72D4CD21-F6C1-458B-87AE-2B3F1A220E89}"
EndProject
Project("{FAE04EC0-301F-11D3-BF4B-00C04F79EFBC}") = "Flowers", "Flowers\Flowers.csproj", "{CF3CA93C-68DD-48EE-A171-CAD1835C1802}"
EndProject
Global
	GlobalSection(SolutionConfigurationPlatforms) = preSolution
		Debug|Any CPU = Debug|Any CPU
		Release|Any CPU = Release|Any CPU
	EndGlobalSection
	GlobalSection(ProjectConfigurationPlatforms) = postSolution
		{CC110E25-2574-423A-96E8-CA74A67ADD48}.Debug|Any CPU.ActiveCfg = Debug|Any CPU
		{CC110E25-2574-423A-96E8-CA74A67ADD48}.Debug|Any CPU.Build.0 = Debug|Any CPU
		{CC110E25-2574-423A-96E8-CA74A67ADD48}.Release|Any CPU.ActiveCfg = Release|Any CPU
		{CC110E25-2574-423A-96E8-CA74A67ADD48}.Release|Any CPU.Build.0 = Release|Any CPU
		{72D4CD21-F6C1-458B-87AE-2B3F1A220E89}.Debug|Any CPU.ActiveCfg = Debug|Any CPU
		{72D4CD21-F6C1-458B-87AE-2B3F1A220E89}.Debug|Any CPU.Build.0 = Debug|Any CPU
		{72D4CD21-F6C1-458B-87AE-2B3F1A220E89}.Release|Any CPU.ActiveCfg = Release|Any CPU
		{72D4CD21-F6C1-458B-87AE-2B3F1A220E89}.Release|Any CPU.Build.0 = Release|Any CPU
		{CF3CA93C-68DD-48EE-A171-CAD1835C1802}.Debug|Any CPU.ActiveCfg = Debug|Any CPU
		{CF3CA93C-68DD-48EE-A171-CAD1835C1802}.Debug|Any CPU.Build.0 = Debug|Any CPU
		{CF3CA93C-68DD-48EE-A171-CAD1835C1802}.Release|Any CPU.ActiveCfg = Release|Any CPU
		{CF3CA93C-68DD-48EE-A171-CAD1835C1802}.Release|Any CPU.Build.0 = Release|Any CPU
	EndGlobalSection
	GlobalSection(SolutionProperties) = preSolution
		HideSolutionNode = FALSE
	EndGlobalSection
	GlobalSection(ExtensibilityGlobals) = postSolution
		SolutionGuid = {5E979EA6-97F9-48C1-8323-2697D1F57C00}
	EndGlobalSection
EndGlobal
