
Microsoft Visual Studio Solution File, Format Version 12.00
# Visual Studio Version 16
VisualStudioVersion = 16.0.32106.194
MinimumVisualStudioVersion = 10.0.40219.1
Project("{FAE04EC0-301F-11D3-BF4B-00C04F79EFBC}") = "Rectangle10by10", "Rectangle10by10\Rectangle10by10.csproj", "{7AB119A1-1EEC-4BB1-906C-03DE8C5D6235}"
EndProject
Project("{FAE04EC0-301F-11D3-BF4B-00C04F79EFBC}") = "RectangleNbyN", "RectangleNbyN\RectangleNbyN.csproj", "{36C9CF39-1F42-4E2A-A005-96D5DF0DE68B}"
EndProject
Project("{FAE04EC0-301F-11D3-BF4B-00C04F79EFBC}") = "SquareNbyN", "SquareNbyN\SquareNbyN.csproj", "{8858A29F-58B2-4586-876A-8C20C91F05BF}"
EndProject
Project("{FAE04EC0-301F-11D3-BF4B-00C04F79EFBC}") = "TriangleOfDollars", "TriangleOfDollars\TriangleOfDollars.csproj", "{C4DFCAB2-FB64-44A7-9DE2-8C969AF4395A}"
EndProject
Global
	GlobalSection(SolutionConfigurationPlatforms) = preSolution
		Debug|Any CPU = Debug|Any CPU
		Release|Any CPU = Release|Any CPU
	EndGlobalSection
	GlobalSection(ProjectConfigurationPlatforms) = postSolution
		{7AB119A1-1EEC-4BB1-906C-03DE8C5D6235}.Debug|Any CPU.ActiveCfg = Debug|Any CPU
		{7AB119A1-1EEC-4BB1-906C-03DE8C5D6235}.Debug|Any CPU.Build.0 = Debug|Any CPU
		{7AB119A1-1EEC-4BB1-906C-03DE8C5D6235}.Release|Any CPU.ActiveCfg = Release|Any CPU
		{7AB119A1-1EEC-4BB1-906C-03DE8C5D6235}.Release|Any CPU.Build.0 = Release|Any CPU
		{36C9CF39-1F42-4E2A-A005-96D5DF0DE68B}.Debug|Any CPU.ActiveCfg = Debug|Any CPU
		{36C9CF39-1F42-4E2A-A005-96D5DF0DE68B}.Debug|Any CPU.Build.0 = Debug|Any CPU
		{36C9CF39-1F42-4E2A-A005-96D5DF0DE68B}.Release|Any CPU.ActiveCfg = Release|Any CPU
		{36C9CF39-1F42-4E2A-A005-96D5DF0DE68B}.Release|Any CPU.Build.0 = Release|Any CPU
		{8858A29F-58B2-4586-876A-8C20C91F05BF}.Debug|Any CPU.ActiveCfg = Debug|Any CPU
		{8858A29F-58B2-4586-876A-8C20C91F05BF}.Debug|Any CPU.Build.0 = Debug|Any CPU
		{8858A29F-58B2-4586-876A-8C20C91F05BF}.Release|Any CPU.ActiveCfg = Release|Any CPU
		{8858A29F-58B2-4586-876A-8C20C91F05BF}.Release|Any CPU.Build.0 = Release|Any CPU
		{C4DFCAB2-FB64-44A7-9DE2-8C969AF4395A}.Debug|Any CPU.ActiveCfg = Debug|Any CPU
		{C4DFCAB2-FB64-44A7-9DE2-8C969AF4395A}.Debug|Any CPU.Build.0 = Debug|Any CPU
		{C4DFCAB2-FB64-44A7-9DE2-8C969AF4395A}.Release|Any CPU.ActiveCfg = Release|Any CPU
		{C4DFCAB2-FB64-44A7-9DE2-8C969AF4395A}.Release|Any CPU.Build.0 = Release|Any CPU
	EndGlobalSection
	GlobalSection(SolutionProperties) = preSolution
		HideSolutionNode = FALSE
	EndGlobalSection
	GlobalSection(ExtensibilityGlobals) = postSolution
		SolutionGuid = {67650E35-6DD9-46B6-A609-01499EC1159D}
	EndGlobalSection
EndGlobal
