
Microsoft Visual Studio Solution File, Format Version 12.00
# Visual Studio Version 16
VisualStudioVersion = 16.0.31112.23
MinimumVisualStudioVersion = 10.0.40219.1
Project("{FAE04EC0-301F-11D3-BF4B-00C04F79EFBC}") = "SumSeconds", "SumSeconds\SumSeconds.csproj", "{6BA87AC3-7DCD-49E5-BC32-F731D3B71CF4}"
EndProject
Project("{FAE04EC0-301F-11D3-BF4B-00C04F79EFBC}") = "BonusPoints", "BonusPoints\BonusPoints.csproj", "{717D0099-00AF-4FEE-9835-4CEE9E1DA7E3}"
EndProject
Project("{FAE04EC0-301F-11D3-BF4B-00C04F79EFBC}") = "Time+15", "Time+15\Time+15.csproj", "{84E6FD21-CC39-429F-9391-172182D6335F}"
EndProject
Project("{FAE04EC0-301F-11D3-BF4B-00C04F79EFBC}") = "ToyShop", "ToyShop\ToyShop.csproj", "{155BCE14-9062-4472-A637-737805525EC1}"
EndProject
Project("{FAE04EC0-301F-11D3-BF4B-00C04F79EFBC}") = "GodzillaVsKong", "GodzillaVsKong\GodzillaVsKong.csproj", "{9DE5BE55-6796-439A-9574-637B1535485C}"
EndProject
Project("{FAE04EC0-301F-11D3-BF4B-00C04F79EFBC}") = "ConsoleApp1", "ConsoleApp1\ConsoleApp1.csproj", "{D70734CC-9ED4-455E-A268-6182F5384DDA}"
EndProject
Project("{FAE04EC0-301F-11D3-BF4B-00C04F79EFBC}") = "Shopping", "Shopping\Shopping.csproj", "{38B5CB74-A509-4ABD-B64D-0B644CB62D8B}"
EndProject
Project("{FAE04EC0-301F-11D3-BF4B-00C04F79EFBC}") = "LunchBreak", "LunchBreak\LunchBreak.csproj", "{C9FB8964-B00D-4F73-B3C0-F1E3055B68BA}"
EndProject
Global
	GlobalSection(SolutionConfigurationPlatforms) = preSolution
		Debug|Any CPU = Debug|Any CPU
		Release|Any CPU = Release|Any CPU
	EndGlobalSection
	GlobalSection(ProjectConfigurationPlatforms) = postSolution
		{6BA87AC3-7DCD-49E5-BC32-F731D3B71CF4}.Debug|Any CPU.ActiveCfg = Debug|Any CPU
		{6BA87AC3-7DCD-49E5-BC32-F731D3B71CF4}.Debug|Any CPU.Build.0 = Debug|Any CPU
		{6BA87AC3-7DCD-49E5-BC32-F731D3B71CF4}.Release|Any CPU.ActiveCfg = Release|Any CPU
		{6BA87AC3-7DCD-49E5-BC32-F731D3B71CF4}.Release|Any CPU.Build.0 = Release|Any CPU
		{717D0099-00AF-4FEE-9835-4CEE9E1DA7E3}.Debug|Any CPU.ActiveCfg = Debug|Any CPU
		{717D0099-00AF-4FEE-9835-4CEE9E1DA7E3}.Debug|Any CPU.Build.0 = Debug|Any CPU
		{717D0099-00AF-4FEE-9835-4CEE9E1DA7E3}.Release|Any CPU.ActiveCfg = Release|Any CPU
		{717D0099-00AF-4FEE-9835-4CEE9E1DA7E3}.Release|Any CPU.Build.0 = Release|Any CPU
		{84E6FD21-CC39-429F-9391-172182D6335F}.Debug|Any CPU.ActiveCfg = Debug|Any CPU
		{84E6FD21-CC39-429F-9391-172182D6335F}.Debug|Any CPU.Build.0 = Debug|Any CPU
		{84E6FD21-CC39-429F-9391-172182D6335F}.Release|Any CPU.ActiveCfg = Release|Any CPU
		{84E6FD21-CC39-429F-9391-172182D6335F}.Release|Any CPU.Build.0 = Release|Any CPU
		{155BCE14-9062-4472-A637-737805525EC1}.Debug|Any CPU.ActiveCfg = Debug|Any CPU
		{155BCE14-9062-4472-A637-737805525EC1}.Debug|Any CPU.Build.0 = Debug|Any CPU
		{155BCE14-9062-4472-A637-737805525EC1}.Release|Any CPU.ActiveCfg = Release|Any CPU
		{155BCE14-9062-4472-A637-737805525EC1}.Release|Any CPU.Build.0 = Release|Any CPU
		{9DE5BE55-6796-439A-9574-637B1535485C}.Debug|Any CPU.ActiveCfg = Debug|Any CPU
		{9DE5BE55-6796-439A-9574-637B1535485C}.Debug|Any CPU.Build.0 = Debug|Any CPU
		{9DE5BE55-6796-439A-9574-637B1535485C}.Release|Any CPU.ActiveCfg = Release|Any CPU
		{9DE5BE55-6796-439A-9574-637B1535485C}.Release|Any CPU.Build.0 = Release|Any CPU
		{D70734CC-9ED4-455E-A268-6182F5384DDA}.Debug|Any CPU.ActiveCfg = Debug|Any CPU
		{D70734CC-9ED4-455E-A268-6182F5384DDA}.Debug|Any CPU.Build.0 = Debug|Any CPU
		{D70734CC-9ED4-455E-A268-6182F5384DDA}.Release|Any CPU.ActiveCfg = Release|Any CPU
		{D70734CC-9ED4-455E-A268-6182F5384DDA}.Release|Any CPU.Build.0 = Release|Any CPU
		{38B5CB74-A509-4ABD-B64D-0B644CB62D8B}.Debug|Any CPU.ActiveCfg = Debug|Any CPU
		{38B5CB74-A509-4ABD-B64D-0B644CB62D8B}.Debug|Any CPU.Build.0 = Debug|Any CPU
		{38B5CB74-A509-4ABD-B64D-0B644CB62D8B}.Release|Any CPU.ActiveCfg = Release|Any CPU
		{38B5CB74-A509-4ABD-B64D-0B644CB62D8B}.Release|Any CPU.Build.0 = Release|Any CPU
		{C9FB8964-B00D-4F73-B3C0-F1E3055B68BA}.Debug|Any CPU.ActiveCfg = Debug|Any CPU
		{C9FB8964-B00D-4F73-B3C0-F1E3055B68BA}.Debug|Any CPU.Build.0 = Debug|Any CPU
		{C9FB8964-B00D-4F73-B3C0-F1E3055B68BA}.Release|Any CPU.ActiveCfg = Release|Any CPU
		{C9FB8964-B00D-4F73-B3C0-F1E3055B68BA}.Release|Any CPU.Build.0 = Release|Any CPU
	EndGlobalSection
	GlobalSection(SolutionProperties) = preSolution
		HideSolutionNode = FALSE
	EndGlobalSection
	GlobalSection(ExtensibilityGlobals) = postSolution
		SolutionGuid = {7FF9C495-35D6-4E18-A0E8-36E29F82A143}
	EndGlobalSection
EndGlobal
