
Microsoft Visual Studio Solution File, Format Version 12.00
# Visual Studio Version 17
VisualStudioVersion = 17.3.32825.248
MinimumVisualStudioVersion = 10.0.40219.1
Project("{9A19103F-16F7-4668-BE54-9A1E7A4F7556}") = "Skeleton", "Skeleton\Skeleton.csproj", "{3BFDFD48-043D-4425-8040-86F6157DBE90}"
EndProject
Project("{9A19103F-16F7-4668-BE54-9A1E7A4F7556}") = "Skeleton.Tests", "Skeleton.Tests\Skeleton.Tests.csproj", "{3348588D-6E4B-4420-9E0B-BBA8E7CF8FE3}"
EndProject
Global
	GlobalSection(SolutionConfigurationPlatforms) = preSolution
		Debug|Any CPU = Debug|Any CPU
		Release|Any CPU = Release|Any CPU
	EndGlobalSection
	GlobalSection(ProjectConfigurationPlatforms) = postSolution
		{3BFDFD48-043D-4425-8040-86F6157DBE90}.Debug|Any CPU.ActiveCfg = Debug|Any CPU
		{3BFDFD48-043D-4425-8040-86F6157DBE90}.Debug|Any CPU.Build.0 = Debug|Any CPU
		{3BFDFD48-043D-4425-8040-86F6157DBE90}.Release|Any CPU.ActiveCfg = Release|Any CPU
		{3BFDFD48-043D-4425-8040-86F6157DBE90}.Release|Any CPU.Build.0 = Release|Any CPU
		{3348588D-6E4B-4420-9E0B-BBA8E7CF8FE3}.Debug|Any CPU.ActiveCfg = Debug|Any CPU
		{3348588D-6E4B-4420-9E0B-BBA8E7CF8FE3}.Debug|Any CPU.Build.0 = Debug|Any CPU
		{3348588D-6E4B-4420-9E0B-BBA8E7CF8FE3}.Release|Any CPU.ActiveCfg = Release|Any CPU
		{3348588D-6E4B-4420-9E0B-BBA8E7CF8FE3}.Release|Any CPU.Build.0 = Release|Any CPU
	EndGlobalSection
	GlobalSection(SolutionProperties) = preSolution
		HideSolutionNode = FALSE
	EndGlobalSection
	GlobalSection(ExtensibilityGlobals) = postSolution
		SolutionGuid = {5E8FD687-2577-4BD7-A993-586CBFE6AD6C}
	EndGlobalSection
EndGlobal
