
Microsoft Visual Studio Solution File, Format Version 12.00
# Visual Studio Version 17
VisualStudioVersion = 17.11.35312.102
MinimumVisualStudioVersion = 10.0.40219.1
Project("{9A19103F-16F7-4668-BE54-9A1E7A4F7556}") = "InfluencerManagerApp", "InfluencerManagerApp-Skeleton\InfluencerManagerApp\InfluencerManagerApp.csproj", "{5CC91349-41A1-496E-BAA6-A7DFD275C4FC}"
EndProject
Project("{9A19103F-16F7-4668-BE54-9A1E7A4F7556}") = "SocialMediaManager.Tests", "SocialMediaManager-Skeleton\SocialMediaManager.Tests\SocialMediaManager.Tests.csproj", "{992D8BAD-147B-4FA1-A433-5BD9A5828AC7}"
EndProject
Project("{9A19103F-16F7-4668-BE54-9A1E7A4F7556}") = "SocialMediaManager", "SocialMediaManager-Skeleton\SocialMediaManager\SocialMediaManager.csproj", "{03AAAC30-F399-4BAB-8D4E-9FA6C97922EE}"
EndProject
Global
	GlobalSection(SolutionConfigurationPlatforms) = preSolution
		Debug|Any CPU = Debug|Any CPU
		Release|Any CPU = Release|Any CPU
	EndGlobalSection
	GlobalSection(ProjectConfigurationPlatforms) = postSolution
		{5CC91349-41A1-496E-BAA6-A7DFD275C4FC}.Debug|Any CPU.ActiveCfg = Debug|Any CPU
		{5CC91349-41A1-496E-BAA6-A7DFD275C4FC}.Debug|Any CPU.Build.0 = Debug|Any CPU
		{5CC91349-41A1-496E-BAA6-A7DFD275C4FC}.Release|Any CPU.ActiveCfg = Release|Any CPU
		{5CC91349-41A1-496E-BAA6-A7DFD275C4FC}.Release|Any CPU.Build.0 = Release|Any CPU
		{992D8BAD-147B-4FA1-A433-5BD9A5828AC7}.Debug|Any CPU.ActiveCfg = Debug|Any CPU
		{992D8BAD-147B-4FA1-A433-5BD9A5828AC7}.Debug|Any CPU.Build.0 = Debug|Any CPU
		{992D8BAD-147B-4FA1-A433-5BD9A5828AC7}.Release|Any CPU.ActiveCfg = Release|Any CPU
		{992D8BAD-147B-4FA1-A433-5BD9A5828AC7}.Release|Any CPU.Build.0 = Release|Any CPU
		{03AAAC30-F399-4BAB-8D4E-9FA6C97922EE}.Debug|Any CPU.ActiveCfg = Debug|Any CPU
		{03AAAC30-F399-4BAB-8D4E-9FA6C97922EE}.Debug|Any CPU.Build.0 = Debug|Any CPU
		{03AAAC30-F399-4BAB-8D4E-9FA6C97922EE}.Release|Any CPU.ActiveCfg = Release|Any CPU
		{03AAAC30-F399-4BAB-8D4E-9FA6C97922EE}.Release|Any CPU.Build.0 = Release|Any CPU
	EndGlobalSection
	GlobalSection(SolutionProperties) = preSolution
		HideSolutionNode = FALSE
	EndGlobalSection
	GlobalSection(ExtensibilityGlobals) = postSolution
		SolutionGuid = {BB27E9CD-7625-42A9-B56F-C5413B959B4D}
	EndGlobalSection
EndGlobal
