
Microsoft Visual Studio Solution File, Format Version 12.00
# Visual Studio Version 17
VisualStudioVersion = 17.3.32825.248
MinimumVisualStudioVersion = 10.0.40219.1
Project("{9A19103F-16F7-4668-BE54-9A1E7A4F7556}") = "Database", "Database\Database.csproj", "{8D5F3FD7-E16F-42BB-9D6D-854D360F1E2B}"
EndProject
Project("{9A19103F-16F7-4668-BE54-9A1E7A4F7556}") = "Database.Tests", "Database.Tests\Database.Tests.csproj", "{0E04D287-DD45-40DD-9CF8-EF8025BFC9AB}"
EndProject
Project("{9A19103F-16F7-4668-BE54-9A1E7A4F7556}") = "DatabaseExtended", "DatabaseExtended\DatabaseExtended.csproj", "{0DAF33FB-6529-4EB0-A8CE-D397787FE9B7}"
EndProject
Project("{9A19103F-16F7-4668-BE54-9A1E7A4F7556}") = "DatabaseExtended.Tests", "DatabaseExtended.Tests\DatabaseExtended.Tests.csproj", "{1E046505-4F85-43AE-AD59-0B959CD38A69}"
EndProject
Global
	GlobalSection(SolutionConfigurationPlatforms) = preSolution
		Debug|Any CPU = Debug|Any CPU
		Release|Any CPU = Release|Any CPU
	EndGlobalSection
	GlobalSection(ProjectConfigurationPlatforms) = postSolution
		{8D5F3FD7-E16F-42BB-9D6D-854D360F1E2B}.Debug|Any CPU.ActiveCfg = Debug|Any CPU
		{8D5F3FD7-E16F-42BB-9D6D-854D360F1E2B}.Debug|Any CPU.Build.0 = Debug|Any CPU
		{8D5F3FD7-E16F-42BB-9D6D-854D360F1E2B}.Release|Any CPU.ActiveCfg = Release|Any CPU
		{8D5F3FD7-E16F-42BB-9D6D-854D360F1E2B}.Release|Any CPU.Build.0 = Release|Any CPU
		{0E04D287-DD45-40DD-9CF8-EF8025BFC9AB}.Debug|Any CPU.ActiveCfg = Debug|Any CPU
		{0E04D287-DD45-40DD-9CF8-EF8025BFC9AB}.Debug|Any CPU.Build.0 = Debug|Any CPU
		{0E04D287-DD45-40DD-9CF8-EF8025BFC9AB}.Release|Any CPU.ActiveCfg = Release|Any CPU
		{0E04D287-DD45-40DD-9CF8-EF8025BFC9AB}.Release|Any CPU.Build.0 = Release|Any CPU
		{0DAF33FB-6529-4EB0-A8CE-D397787FE9B7}.Debug|Any CPU.ActiveCfg = Debug|Any CPU
		{0DAF33FB-6529-4EB0-A8CE-D397787FE9B7}.Debug|Any CPU.Build.0 = Debug|Any CPU
		{0DAF33FB-6529-4EB0-A8CE-D397787FE9B7}.Release|Any CPU.ActiveCfg = Release|Any CPU
		{0DAF33FB-6529-4EB0-A8CE-D397787FE9B7}.Release|Any CPU.Build.0 = Release|Any CPU
		{1E046505-4F85-43AE-AD59-0B959CD38A69}.Debug|Any CPU.ActiveCfg = Debug|Any CPU
		{1E046505-4F85-43AE-AD59-0B959CD38A69}.Debug|Any CPU.Build.0 = Debug|Any CPU
		{1E046505-4F85-43AE-AD59-0B959CD38A69}.Release|Any CPU.ActiveCfg = Release|Any CPU
		{1E046505-4F85-43AE-AD59-0B959CD38A69}.Release|Any CPU.Build.0 = Release|Any CPU
	EndGlobalSection
	GlobalSection(SolutionProperties) = preSolution
		HideSolutionNode = FALSE
	EndGlobalSection
	GlobalSection(ExtensibilityGlobals) = postSolution
		SolutionGuid = {ED4514A1-ACB1-4513-82EA-364CAAF81430}
	EndGlobalSection
EndGlobal
