
Microsoft Visual Studio Solution File, Format Version 12.00
# Visual Studio Version 16
VisualStudioVersion = 16.0.32510.428
MinimumVisualStudioVersion = 10.0.40219.1
Project("{FAE04EC0-301F-11D3-BF4B-00C04F79EFBC}") = "MatchFullName", "MatchFullName\MatchFullName.csproj", "{E0E3CE05-3066-48EB-A731-D3FBF8B6994E}"
EndProject
Project("{FAE04EC0-301F-11D3-BF4B-00C04F79EFBC}") = "MatchPhoneNumber", "MatchPhoneNumber\MatchPhoneNumber.csproj", "{3E2A0F65-B44F-47A9-AE52-CAD4B437F90B}"
EndProject
Project("{FAE04EC0-301F-11D3-BF4B-00C04F79EFBC}") = "MatchDates", "MatchDates\MatchDates.csproj", "{AE91BF9A-57BB-48E4-BFDF-19E3F12D65E9}"
EndProject
Global
	GlobalSection(SolutionConfigurationPlatforms) = preSolution
		Debug|Any CPU = Debug|Any CPU
		Release|Any CPU = Release|Any CPU
	EndGlobalSection
	GlobalSection(ProjectConfigurationPlatforms) = postSolution
		{E0E3CE05-3066-48EB-A731-D3FBF8B6994E}.Debug|Any CPU.ActiveCfg = Debug|Any CPU
		{E0E3CE05-3066-48EB-A731-D3FBF8B6994E}.Debug|Any CPU.Build.0 = Debug|Any CPU
		{E0E3CE05-3066-48EB-A731-D3FBF8B6994E}.Release|Any CPU.ActiveCfg = Release|Any CPU
		{E0E3CE05-3066-48EB-A731-D3FBF8B6994E}.Release|Any CPU.Build.0 = Release|Any CPU
		{3E2A0F65-B44F-47A9-AE52-CAD4B437F90B}.Debug|Any CPU.ActiveCfg = Debug|Any CPU
		{3E2A0F65-B44F-47A9-AE52-CAD4B437F90B}.Debug|Any CPU.Build.0 = Debug|Any CPU
		{3E2A0F65-B44F-47A9-AE52-CAD4B437F90B}.Release|Any CPU.ActiveCfg = Release|Any CPU
		{3E2A0F65-B44F-47A9-AE52-CAD4B437F90B}.Release|Any CPU.Build.0 = Release|Any CPU
		{AE91BF9A-57BB-48E4-BFDF-19E3F12D65E9}.Debug|Any CPU.ActiveCfg = Debug|Any CPU
		{AE91BF9A-57BB-48E4-BFDF-19E3F12D65E9}.Debug|Any CPU.Build.0 = Debug|Any CPU
		{AE91BF9A-57BB-48E4-BFDF-19E3F12D65E9}.Release|Any CPU.ActiveCfg = Release|Any CPU
		{AE91BF9A-57BB-48E4-BFDF-19E3F12D65E9}.Release|Any CPU.Build.0 = Release|Any CPU
	EndGlobalSection
	GlobalSection(SolutionProperties) = preSolution
		HideSolutionNode = FALSE
	EndGlobalSection
	GlobalSection(ExtensibilityGlobals) = postSolution
		SolutionGuid = {7801C598-FC08-418C-82FB-E271FD02CB86}
	EndGlobalSection
EndGlobal
