
Microsoft Visual Studio Solution File, Format Version 12.00
# Visual Studio Version 16
VisualStudioVersion = 16.0.32106.194
MinimumVisualStudioVersion = 10.0.40219.1
Project("{FAE04EC0-301F-11D3-BF4B-00C04F79EFBC}") = "NumbersFrom1To100", "NumbersFrom1To100\NumbersFrom1To100.csproj", "{6111A855-0DE7-4662-B8BA-5D2B7BA8A837}"
EndProject
Project("{FAE04EC0-301F-11D3-BF4B-00C04F79EFBC}") = "NumberNTo1", "NumberNTo1\NumberNTo1.csproj", "{AFC4AFFA-CEC5-4A70-A781-6EEACE591AC1}"
EndProject
Project("{FAE04EC0-301F-11D3-BF4B-00C04F79EFBC}") = "NumbersFrom1ToNStep3", "NumbersFrom1ToNStep3\NumbersFrom1ToNStep3.csproj", "{88B2EBA0-0A1C-4314-AA4B-07D6FBC1B794}"
EndProject
Project("{FAE04EC0-301F-11D3-BF4B-00C04F79EFBC}") = "NumbersPower2", "NumbersPower2\NumbersPower2.csproj", "{668F4CB0-BC56-4B6F-AC0D-8D5ED5795278}"
EndProject
Project("{FAE04EC0-301F-11D3-BF4B-00C04F79EFBC}") = "CharacterSequence", "CharacterSequence\CharacterSequence.csproj", "{4918928E-42B0-4077-AF61-EA77F9C6DB0B}"
EndProject
Project("{FAE04EC0-301F-11D3-BF4B-00C04F79EFBC}") = "VowelsSum", "VowelsSum\VowelsSum.csproj", "{F2B5EEA4-C34F-4EB5-93F3-579615395540}"
EndProject
Project("{FAE04EC0-301F-11D3-BF4B-00C04F79EFBC}") = "SumNumbers", "SumNumbers\SumNumbers.csproj", "{E57DFC90-5E5D-449B-9522-00EFFF9370ED}"
EndProject
Project("{FAE04EC0-301F-11D3-BF4B-00C04F79EFBC}") = "NumberSequence", "NumberSequence\NumberSequence.csproj", "{765B0663-EA08-461F-A876-A9D8A16B921F}"
EndProject
Project("{FAE04EC0-301F-11D3-BF4B-00C04F79EFBC}") = "LeftRightSum", "LeftRightSum\LeftRightSum.csproj", "{AC68EA28-34D6-4154-A984-7E8CD74EE185}"
EndProject
Project("{FAE04EC0-301F-11D3-BF4B-00C04F79EFBC}") = "OddEvenSum", "OddEvenSum\OddEvenSum.csproj", "{DB72F063-814D-45C0-874A-8459E4BE07C7}"
EndProject
Global
	GlobalSection(SolutionConfigurationPlatforms) = preSolution
		Debug|Any CPU = Debug|Any CPU
		Release|Any CPU = Release|Any CPU
	EndGlobalSection
	GlobalSection(ProjectConfigurationPlatforms) = postSolution
		{6111A855-0DE7-4662-B8BA-5D2B7BA8A837}.Debug|Any CPU.ActiveCfg = Debug|Any CPU
		{6111A855-0DE7-4662-B8BA-5D2B7BA8A837}.Debug|Any CPU.Build.0 = Debug|Any CPU
		{6111A855-0DE7-4662-B8BA-5D2B7BA8A837}.Release|Any CPU.ActiveCfg = Release|Any CPU
		{6111A855-0DE7-4662-B8BA-5D2B7BA8A837}.Release|Any CPU.Build.0 = Release|Any CPU
		{AFC4AFFA-CEC5-4A70-A781-6EEACE591AC1}.Debug|Any CPU.ActiveCfg = Debug|Any CPU
		{AFC4AFFA-CEC5-4A70-A781-6EEACE591AC1}.Debug|Any CPU.Build.0 = Debug|Any CPU
		{AFC4AFFA-CEC5-4A70-A781-6EEACE591AC1}.Release|Any CPU.ActiveCfg = Release|Any CPU
		{AFC4AFFA-CEC5-4A70-A781-6EEACE591AC1}.Release|Any CPU.Build.0 = Release|Any CPU
		{88B2EBA0-0A1C-4314-AA4B-07D6FBC1B794}.Debug|Any CPU.ActiveCfg = Debug|Any CPU
		{88B2EBA0-0A1C-4314-AA4B-07D6FBC1B794}.Debug|Any CPU.Build.0 = Debug|Any CPU
		{88B2EBA0-0A1C-4314-AA4B-07D6FBC1B794}.Release|Any CPU.ActiveCfg = Release|Any CPU
		{88B2EBA0-0A1C-4314-AA4B-07D6FBC1B794}.Release|Any CPU.Build.0 = Release|Any CPU
		{668F4CB0-BC56-4B6F-AC0D-8D5ED5795278}.Debug|Any CPU.ActiveCfg = Debug|Any CPU
		{668F4CB0-BC56-4B6F-AC0D-8D5ED5795278}.Debug|Any CPU.Build.0 = Debug|Any CPU
		{668F4CB0-BC56-4B6F-AC0D-8D5ED5795278}.Release|Any CPU.ActiveCfg = Release|Any CPU
		{668F4CB0-BC56-4B6F-AC0D-8D5ED5795278}.Release|Any CPU.Build.0 = Release|Any CPU
		{4918928E-42B0-4077-AF61-EA77F9C6DB0B}.Debug|Any CPU.ActiveCfg = Debug|Any CPU
		{4918928E-42B0-4077-AF61-EA77F9C6DB0B}.Debug|Any CPU.Build.0 = Debug|Any CPU
		{4918928E-42B0-4077-AF61-EA77F9C6DB0B}.Release|Any CPU.ActiveCfg = Release|Any CPU
		{4918928E-42B0-4077-AF61-EA77F9C6DB0B}.Release|Any CPU.Build.0 = Release|Any CPU
		{F2B5EEA4-C34F-4EB5-93F3-579615395540}.Debug|Any CPU.ActiveCfg = Debug|Any CPU
		{F2B5EEA4-C34F-4EB5-93F3-579615395540}.Debug|Any CPU.Build.0 = Debug|Any CPU
		{F2B5EEA4-C34F-4EB5-93F3-579615395540}.Release|Any CPU.ActiveCfg = Release|Any CPU
		{F2B5EEA4-C34F-4EB5-93F3-579615395540}.Release|Any CPU.Build.0 = Release|Any CPU
		{E57DFC90-5E5D-449B-9522-00EFFF9370ED}.Debug|Any CPU.ActiveCfg = Debug|Any CPU
		{E57DFC90-5E5D-449B-9522-00EFFF9370ED}.Debug|Any CPU.Build.0 = Debug|Any CPU
		{E57DFC90-5E5D-449B-9522-00EFFF9370ED}.Release|Any CPU.ActiveCfg = Release|Any CPU
		{E57DFC90-5E5D-449B-9522-00EFFF9370ED}.Release|Any CPU.Build.0 = Release|Any CPU
		{765B0663-EA08-461F-A876-A9D8A16B921F}.Debug|Any CPU.ActiveCfg = Debug|Any CPU
		{765B0663-EA08-461F-A876-A9D8A16B921F}.Debug|Any CPU.Build.0 = Debug|Any CPU
		{765B0663-EA08-461F-A876-A9D8A16B921F}.Release|Any CPU.ActiveCfg = Release|Any CPU
		{765B0663-EA08-461F-A876-A9D8A16B921F}.Release|Any CPU.Build.0 = Release|Any CPU
		{AC68EA28-34D6-4154-A984-7E8CD74EE185}.Debug|Any CPU.ActiveCfg = Debug|Any CPU
		{AC68EA28-34D6-4154-A984-7E8CD74EE185}.Debug|Any CPU.Build.0 = Debug|Any CPU
		{AC68EA28-34D6-4154-A984-7E8CD74EE185}.Release|Any CPU.ActiveCfg = Release|Any CPU
		{AC68EA28-34D6-4154-A984-7E8CD74EE185}.Release|Any CPU.Build.0 = Release|Any CPU
		{DB72F063-814D-45C0-874A-8459E4BE07C7}.Debug|Any CPU.ActiveCfg = Debug|Any CPU
		{DB72F063-814D-45C0-874A-8459E4BE07C7}.Debug|Any CPU.Build.0 = Debug|Any CPU
		{DB72F063-814D-45C0-874A-8459E4BE07C7}.Release|Any CPU.ActiveCfg = Release|Any CPU
		{DB72F063-814D-45C0-874A-8459E4BE07C7}.Release|Any CPU.Build.0 = Release|Any CPU
	EndGlobalSection
	GlobalSection(SolutionProperties) = preSolution
		HideSolutionNode = FALSE
	EndGlobalSection
	GlobalSection(ExtensibilityGlobals) = postSolution
		SolutionGuid = {4655892D-FC55-4305-A90B-093A258E0D1E}
	EndGlobalSection
EndGlobal
